
Microsoft Visual Studio Solution File, Format Version 12.00
# Visual Studio Version 17
VisualStudioVersion = 17.4.33205.214
MinimumVisualStudioVersion = 10.0.40219.1
Project("{FAE04EC0-301F-11D3-BF4B-00C04F79EFBC}") = "MCC75NET", "MCC75NET\MCC75NET.csproj", "{8B7D85FB-6BE6-4A4B-A961-25A99A09E7BE}"
EndProject
Global
	GlobalSection(SolutionConfigurationPlatforms) = preSolution
		Debug|Any CPU = Debug|Any CPU
		Release|Any CPU = Release|Any CPU
	EndGlobalSection
	GlobalSection(ProjectConfigurationPlatforms) = postSolution
		{8B7D85FB-6BE6-4A4B-A961-25A99A09E7BE}.Debug|Any CPU.ActiveCfg = Debug|Any CPU
		{8B7D85FB-6BE6-4A4B-A961-25A99A09E7BE}.Debug|Any CPU.Build.0 = Debug|Any CPU
		{8B7D85FB-6BE6-4A4B-A961-25A99A09E7BE}.Release|Any CPU.ActiveCfg = Release|Any CPU
		{8B7D85FB-6BE6-4A4B-A961-25A99A09E7BE}.Release|Any CPU.Build.0 = Release|Any CPU
	EndGlobalSection
	GlobalSection(SolutionProperties) = preSolution
		HideSolutionNode = FALSE
	EndGlobalSection
	GlobalSection(ExtensibilityGlobals) = postSolution
		SolutionGuid = {479BDBCB-542C-4374-BEEE-DD887FA820A7}
	EndGlobalSection
EndGlobal
